// !$*UTF8*$!
{
	archiveVersion = 1;
	classes = {
	};
	objectVersion = 50;
	objects = {

/* Begin PBXBuildFile section */
		D3D75F2426F0067100F3CDF0 /* AppDelegate.swift in Sources */ = {isa = PBXBuildFile; fileRef = D3D75F2326F0067100F3CDF0 /* AppDelegate.swift */; };
		D3D75F2626F0067100F3CDF0 /* SceneDelegate.swift in Sources */ = {isa = PBXBuildFile; fileRef = D3D75F2526F0067100F3CDF0 /* SceneDelegate.swift */; };
		D3D75F2B26F0067100F3CDF0 /* Main.storyboard in Resources */ = {isa = PBXBuildFile; fileRef = D3D75F2926F0067100F3CDF0 /* Main.storyboard */; };
		D3D75F2D26F0067400F3CDF0 /* Assets.xcassets in Resources */ = {isa = PBXBuildFile; fileRef = D3D75F2C26F0067400F3CDF0 /* Assets.xcassets */; };
		D3D75F3026F0067400F3CDF0 /* LaunchScreen.storyboard in Resources */ = {isa = PBXBuildFile; fileRef = D3D75F2E26F0067400F3CDF0 /* LaunchScreen.storyboard */; };
		D3D75F3B26F0067400F3CDF0 /* flixterTests.swift in Sources */ = {isa = PBXBuildFile; fileRef = D3D75F3A26F0067400F3CDF0 /* flixterTests.swift */; };
		D3D75F4626F0067400F3CDF0 /* flixterUITests.swift in Sources */ = {isa = PBXBuildFile; fileRef = D3D75F4526F0067400F3CDF0 /* flixterUITests.swift */; };
		D3D75F5426F006C600F3CDF0 /* MoviesViewController.swift in Sources */ = {isa = PBXBuildFile; fileRef = D3D75F5326F006C600F3CDF0 /* MoviesViewController.swift */; };
/* End PBXBuildFile section */

/* Begin PBXContainerItemProxy section */
		D3D75F3726F0067400F3CDF0 /* PBXContainerItemProxy */ = {
			isa = PBXContainerItemProxy;
			containerPortal = D3D75F1826F0067100F3CDF0 /* Project object */;
			proxyType = 1;
			remoteGlobalIDString = D3D75F1F26F0067100F3CDF0;
			remoteInfo = flixter;
		};
		D3D75F4226F0067400F3CDF0 /* PBXContainerItemProxy */ = {
			isa = PBXContainerItemProxy;
			containerPortal = D3D75F1826F0067100F3CDF0 /* Project object */;
			proxyType = 1;
			remoteGlobalIDString = D3D75F1F26F0067100F3CDF0;
			remoteInfo = flixter;
		};
/* End PBXContainerItemProxy section */

/* Begin PBXFileReference section */
		D3D75F2026F0067100F3CDF0 /* flixter.app */ = {isa = PBXFileReference; explicitFileType = wrapper.application; includeInIndex = 0; path = flixter.app; sourceTree = BUILT_PRODUCTS_DIR; };
		D3D75F2326F0067100F3CDF0 /* AppDelegate.swift */ = {isa = PBXFileReference; lastKnownFileType = sourcecode.swift; path = AppDelegate.swift; sourceTree = "<group>"; };
		D3D75F2526F0067100F3CDF0 /* SceneDelegate.swift */ = {isa = PBXFileReference; lastKnownFileType = sourcecode.swift; path = SceneDelegate.swift; sourceTree = "<group>"; };
		D3D75F2A26F0067100F3CDF0 /* Base */ = {isa = PBXFileReference; lastKnownFileType = file.storyboard; name = Base; path = Base.lproj/Main.storyboard; sourceTree = "<group>"; };
		D3D75F2C26F0067400F3CDF0 /* Assets.xcassets */ = {isa = PBXFileReference; lastKnownFileType = folder.assetcatalog; path = Assets.xcassets; sourceTree = "<group>"; };
		D3D75F2F26F0067400F3CDF0 /* Base */ = {isa = PBXFileReference; lastKnownFileType = file.storyboard; name = Base; path = Base.lproj/LaunchScreen.storyboard; sourceTree = "<group>"; };
		D3D75F3126F0067400F3CDF0 /* Info.plist */ = {isa = PBXFileReference; lastKnownFileType = text.plist.xml; path = Info.plist; sourceTree = "<group>"; };
		D3D75F3626F0067400F3CDF0 /* flixterTests.xctest */ = {isa = PBXFileReference; explicitFileType = wrapper.cfbundle; includeInIndex = 0; path = flixterTests.xctest; sourceTree = BUILT_PRODUCTS_DIR; };
		D3D75F3A26F0067400F3CDF0 /* flixterTests.swift */ = {isa = PBXFileReference; lastKnownFileType = sourcecode.swift; path = flixterTests.swift; sourceTree = "<group>"; };
		D3D75F3C26F0067400F3CDF0 /* Info.plist */ = {isa = PBXFileReference; lastKnownFileType = text.plist.xml; path = Info.plist; sourceTree = "<group>"; };
		D3D75F4126F0067400F3CDF0 /* flixterUITests.xctest */ = {isa = PBXFileReference; explicitFileType = wrapper.cfbundle; includeInIndex = 0; path = flixterUITests.xctest; sourceTree = BUILT_PRODUCTS_DIR; };
		D3D75F4526F0067400F3CDF0 /* flixterUITests.swift */ = {isa = PBXFileReference; lastKnownFileType = sourcecode.swift; path = flixterUITests.swift; sourceTree = "<group>"; };
		D3D75F4726F0067400F3CDF0 /* Info.plist */ = {isa = PBXFileReference; lastKnownFileType = text.plist.xml; path = Info.plist; sourceTree = "<group>"; };
		D3D75F5326F006C600F3CDF0 /* MoviesViewController.swift */ = {isa = PBXFileReference; lastKnownFileType = sourcecode.swift; path = MoviesViewController.swift; sourceTree = "<group>"; };
/* End PBXFileReference section */

/* Begin PBXFrameworksBuildPhase section */
		D3D75F1D26F0067100F3CDF0 /* Frameworks */ = {
			isa = PBXFrameworksBuildPhase;
			buildActionMask = 2147483647;
			files = (
			);
			runOnlyForDeploymentPostprocessing = 0;
		};
		D3D75F3326F0067400F3CDF0 /* Frameworks */ = {
			isa = PBXFrameworksBuildPhase;
			buildActionMask = 2147483647;
			files = (
			);
			runOnlyForDeploymentPostprocessing = 0;
		};
		D3D75F3E26F0067400F3CDF0 /* Frameworks */ = {
			isa = PBXFrameworksBuildPhase;
			buildActionMask = 2147483647;
			files = (
			);
			runOnlyForDeploymentPostprocessing = 0;
		};
/* End PBXFrameworksBuildPhase section */

/* Begin PBXGroup section */
		D3D75F1726F0067100F3CDF0 = {
			isa = PBXGroup;
			children = (
				D3D75F2226F0067100F3CDF0 /* flixter */,
				D3D75F3926F0067400F3CDF0 /* flixterTests */,
				D3D75F4426F0067400F3CDF0 /* flixterUITests */,
				D3D75F2126F0067100F3CDF0 /* Products */,
			);
			sourceTree = "<group>";
		};
		D3D75F2126F0067100F3CDF0 /* Products */ = {
			isa = PBXGroup;
			children = (
				D3D75F2026F0067100F3CDF0 /* flixter.app */,
				D3D75F3626F0067400F3CDF0 /* flixterTests.xctest */,
				D3D75F4126F0067400F3CDF0 /* flixterUITests.xctest */,
			);
			name = Products;
			sourceTree = "<group>";
		};
		D3D75F2226F0067100F3CDF0 /* flixter */ = {
			isa = PBXGroup;
			children = (
				D3D75F2326F0067100F3CDF0 /* AppDelegate.swift */,
				D3D75F2526F0067100F3CDF0 /* SceneDelegate.swift */,
				D3D75F2926F0067100F3CDF0 /* Main.storyboard */,
				D3D75F2C26F0067400F3CDF0 /* Assets.xcassets */,
				D3D75F2E26F0067400F3CDF0 /* LaunchScreen.storyboard */,
				D3D75F3126F0067400F3CDF0 /* Info.plist */,
				D3D75F5326F006C600F3CDF0 /* MoviesViewController.swift */,
			);
			path = flixter;
			sourceTree = "<group>";
		};
		D3D75F3926F0067400F3CDF0 /* flixterTests */ = {
			isa = PBXGroup;
			children = (
				D3D75F3A26F0067400F3CDF0 /* flixterTests.swift */,
				D3D75F3C26F0067400F3CDF0 /* Info.plist */,
			);
			path = flixterTests;
			sourceTree = "<group>";
		};
		D3D75F4426F0067400F3CDF0 /* flixterUITests */ = {
			isa = PBXGroup;
			children = (
				D3D75F4526F0067400F3CDF0 /* flixterUITests.swift */,
				D3D75F4726F0067400F3CDF0 /* Info.plist */,
			);
			path = flixterUITests;
			sourceTree = "<group>";
		};
/* End PBXGroup section */

/* Begin PBXNativeTarget section */
		D3D75F1F26F0067100F3CDF0 /* flixter */ = {
			isa = PBXNativeTarget;
			buildConfigurationList = D3D75F4A26F0067400F3CDF0 /* Build configuration list for PBXNativeTarget "flixter" */;
			buildPhases = (
				D3D75F1C26F0067100F3CDF0 /* Sources */,
				D3D75F1D26F0067100F3CDF0 /* Frameworks */,
				D3D75F1E26F0067100F3CDF0 /* Resources */,
			);
			buildRules = (
			);
			dependencies = (
			);
			name = flixter;
			productName = flixter;
			productReference = D3D75F2026F0067100F3CDF0 /* flixter.app */;
			productType = "com.apple.product-type.application";
		};
		D3D75F3526F0067400F3CDF0 /* flixterTests */ = {
			isa = PBXNativeTarget;
			buildConfigurationList = D3D75F4D26F0067400F3CDF0 /* Build configuration list for PBXNativeTarget "flixterTests" */;
			buildPhases = (
				D3D75F3226F0067400F3CDF0 /* Sources */,
				D3D75F3326F0067400F3CDF0 /* Frameworks */,
				D3D75F3426F0067400F3CDF0 /* Resources */,
			);
			buildRules = (
			);
			dependencies = (
				D3D75F3826F0067400F3CDF0 /* PBXTargetDependency */,
			);
			name = flixterTests;
			productName = flixterTests;
			productReference = D3D75F3626F0067400F3CDF0 /* flixterTests.xctest */;
			productType = "com.apple.product-type.bundle.unit-test";
		};
		D3D75F4026F0067400F3CDF0 /* flixterUITests */ = {
			isa = PBXNativeTarget;
			buildConfigurationList = D3D75F5026F0067400F3CDF0 /* Build configuration list for PBXNativeTarget "flixterUITests" */;
			buildPhases = (
				D3D75F3D26F0067400F3CDF0 /* Sources */,
				D3D75F3E26F0067400F3CDF0 /* Frameworks */,
				D3D75F3F26F0067400F3CDF0 /* Resources */,
			);
			buildRules = (
			);
			dependencies = (
				D3D75F4326F0067400F3CDF0 /* PBXTargetDependency */,
			);
			name = flixterUITests;
			productName = flixterUITests;
			productReference = D3D75F4126F0067400F3CDF0 /* flixterUITests.xctest */;
			productType = "com.apple.product-type.bundle.ui-testing";
		};
/* End PBXNativeTarget section */

/* Begin PBXProject section */
		D3D75F1826F0067100F3CDF0 /* Project object */ = {
			isa = PBXProject;
			attributes = {
				LastSwiftUpdateCheck = 1250;
				LastUpgradeCheck = 1250;
				TargetAttributes = {
					D3D75F1F26F0067100F3CDF0 = {
						CreatedOnToolsVersion = 12.5.1;
					};
					D3D75F3526F0067400F3CDF0 = {
						CreatedOnToolsVersion = 12.5.1;
						TestTargetID = D3D75F1F26F0067100F3CDF0;
					};
					D3D75F4026F0067400F3CDF0 = {
						CreatedOnToolsVersion = 12.5.1;
						TestTargetID = D3D75F1F26F0067100F3CDF0;
					};
				};
			};
			buildConfigurationList = D3D75F1B26F0067100F3CDF0 /* Build configuration list for PBXProject "flixter" */;
			compatibilityVersion = "Xcode 9.3";
			developmentRegion = en;
			hasScannedForEncodings = 0;
			knownRegions = (
				en,
				Base,
			);
			mainGroup = D3D75F1726F0067100F3CDF0;
			productRefGroup = D3D75F2126F0067100F3CDF0 /* Products */;
			projectDirPath = "";
			projectRoot = "";
			targets = (
				D3D75F1F26F0067100F3CDF0 /* flixter */,
				D3D75F3526F0067400F3CDF0 /* flixterTests */,
				D3D75F4026F0067400F3CDF0 /* flixterUITests */,
			);
		};
/* End PBXProject section */

/* Begin PBXResourcesBuildPhase section */
		D3D75F1E26F0067100F3CDF0 /* Resources */ = {
			isa = PBXResourcesBuildPhase;
			buildActionMask = 2147483647;
			files = (
				D3D75F3026F0067400F3CDF0 /* LaunchScreen.storyboard in Resources */,
				D3D75F2D26F0067400F3CDF0 /* Assets.xcassets in Resources */,
				D3D75F2B26F0067100F3CDF0 /* Main.storyboard in Resources */,
			);
			runOnlyForDeploymentPostprocessing = 0;
		};
		D3D75F3426F0067400F3CDF0 /* Resources */ = {
			isa = PBXResourcesBuildPhase;
			buildActionMask = 2147483647;
			files = (
			);
			runOnlyForDeploymentPostprocessing = 0;
		};
		D3D75F3F26F0067400F3CDF0 /* Resources */ = {
			isa = PBXResourcesBuildPhase;
			buildActionMask = 2147483647;
			files = (
			);
			runOnlyForDeploymentPostprocessing = 0;
		};
/* End PBXResourcesBuildPhase section */

/* Begin PBXSourcesBuildPhase section */
		D3D75F1C26F0067100F3CDF0 /* Sources */ = {
			isa = PBXSourcesBuildPhase;
			buildActionMask = 2147483647;
			files = (
				D3D75F2426F0067100F3CDF0 /* AppDelegate.swift in Sources */,
				D3D75F2626F0067100F3CDF0 /* SceneDelegate.swift in Sources */,
				D3D75F5426F006C600F3CDF0 /* MoviesViewController.swift in Sources */,
			);
			runOnlyForDeploymentPostprocessing = 0;
		};
		D3D75F3226F0067400F3CDF0 /* Sources */ = {
			isa = PBXSourcesBuildPhase;
			buildActionMask = 2147483647;
			files = (
				D3D75F3B26F0067400F3CDF0 /* flixterTests.swift in Sources */,
			);
			runOnlyForDeploymentPostprocessing = 0;
		};
		D3D75F3D26F0067400F3CDF0 /* Sources */ = {
			isa = PBXSourcesBuildPhase;
			buildActionMask = 2147483647;
			files = (
				D3D75F4626F0067400F3CDF0 /* flixterUITests.swift in Sources */,
			);
			runOnlyForDeploymentPostprocessing = 0;
		};
/* End PBXSourcesBuildPhase section */

/* Begin PBXTargetDependency section */
		D3D75F3826F0067400F3CDF0 /* PBXTargetDependency */ = {
			isa = PBXTargetDependency;
			target = D3D75F1F26F0067100F3CDF0 /* flixter */;
			targetProxy = D3D75F3726F0067400F3CDF0 /* PBXContainerItemProxy */;
		};
		D3D75F4326F0067400F3CDF0 /* PBXTargetDependency */ = {
			isa = PBXTargetDependency;
			target = D3D75F1F26F0067100F3CDF0 /* flixter */;
			targetProxy = D3D75F4226F0067400F3CDF0 /* PBXContainerItemProxy */;
		};
/* End PBXTargetDependency section */

/* Begin PBXVariantGroup section */
		D3D75F2926F0067100F3CDF0 /* Main.storyboard */ = {
			isa = PBXVariantGroup;
			children = (
				D3D75F2A26F0067100F3CDF0 /* Base */,
			);
			name = Main.storyboard;
			sourceTree = "<group>";
		};
		D3D75F2E26F0067400F3CDF0 /* LaunchScreen.storyboard */ = {
			isa = PBXVariantGroup;
			children = (
				D3D75F2F26F0067400F3CDF0 /* Base */,
			);
			name = LaunchScreen.storyboard;
			sourceTree = "<group>";
		};
/* End PBXVariantGroup section */

/* Begin XCBuildConfiguration section */
		D3D75F4826F0067400F3CDF0 /* Debug */ = {
			isa = XCBuildConfiguration;
			buildSettings = {
				ALWAYS_SEARCH_USER_PATHS = NO;
				CLANG_ANALYZER_NONNULL = YES;
				CLANG_ANALYZER_NUMBER_OBJECT_CONVERSION = YES_AGGRESSIVE;
				CLANG_CXX_LANGUAGE_STANDARD = "gnu++14";
				CLANG_CXX_LIBRARY = "libc++";
				CLANG_ENABLE_MODULES = YES;
				CLANG_ENABLE_OBJC_ARC = YES;
				CLANG_ENABLE_OBJC_WEAK = YES;
				CLANG_WARN_BLOCK_CAPTURE_AUTORELEASING = YES;
				CLANG_WARN_BOOL_CONVERSION = YES;
				CLANG_WARN_COMMA = YES;
				CLANG_WARN_CONSTANT_CONVERSION = YES;
				CLANG_WARN_DEPRECATED_OBJC_IMPLEMENTATIONS = YES;
				CLANG_WARN_DIRECT_OBJC_ISA_USAGE = YES_ERROR;
				CLANG_WARN_DOCUMENTATION_COMMENTS = YES;
				CLANG_WARN_EMPTY_BODY = YES;
				CLANG_WARN_ENUM_CONVERSION = YES;
				CLANG_WARN_INFINITE_RECURSION = YES;
				CLANG_WARN_INT_CONVERSION = YES;
				CLANG_WARN_NON_LITERAL_NULL_CONVERSION = YES;
				CLANG_WARN_OBJC_IMPLICIT_RETAIN_SELF = YES;
				CLANG_WARN_OBJC_LITERAL_CONVERSION = YES;
				CLANG_WARN_OBJC_ROOT_CLASS = YES_ERROR;
				CLANG_WARN_QUOTED_INCLUDE_IN_FRAMEWORK_HEADER = YES;
				CLANG_WARN_RANGE_LOOP_ANALYSIS = YES;
				CLANG_WARN_STRICT_PROTOTYPES = YES;
				CLANG_WARN_SUSPICIOUS_MOVE = YES;
				CLANG_WARN_UNGUARDED_AVAILABILITY = YES_AGGRESSIVE;
				CLANG_WARN_UNREACHABLE_CODE = YES;
				CLANG_WARN__DUPLICATE_METHOD_MATCH = YES;
				COPY_PHASE_STRIP = NO;
				DEBUG_INFORMATION_FORMAT = dwarf;
				ENABLE_STRICT_OBJC_MSGSEND = YES;
				ENABLE_TESTABILITY = YES;
				GCC_C_LANGUAGE_STANDARD = gnu11;
				GCC_DYNAMIC_NO_PIC = NO;
				GCC_NO_COMMON_BLOCKS = YES;
				GCC_OPTIMIZATION_LEVEL = 0;
				GCC_PREPROCESSOR_DEFINITIONS = (
					"DEBUG=1",
					"$(inherited)",
				);
				GCC_WARN_64_TO_32_BIT_CONVERSION = YES;
				GCC_WARN_ABOUT_RETURN_TYPE = YES_ERROR;
				GCC_WARN_UNDECLARED_SELECTOR = YES;
				GCC_WARN_UNINITIALIZED_AUTOS = YES_AGGRESSIVE;
				GCC_WARN_UNUSED_FUNCTION = YES;
				GCC_WARN_UNUSED_VARIABLE = YES;
				IPHONEOS_DEPLOYMENT_TARGET = 14.5;
				MTL_ENABLE_DEBUG_INFO = INCLUDE_SOURCE;
				MTL_FAST_MATH = YES;
				ONLY_ACTIVE_ARCH = YES;
				SDKROOT = iphoneos;
				SWIFT_ACTIVE_COMPILATION_CONDITIONS = DEBUG;
				SWIFT_OPTIMIZATION_LEVEL = "-Onone";
			};
			name = Debug;
		};
		D3D75F4926F0067400F3CDF0 /* Release */ = {
			isa = XCBuildConfiguration;
			buildSettings = {
				ALWAYS_SEARCH_USER_PATHS = NO;
				CLANG_ANALYZER_NONNULL = YES;
				CLANG_ANALYZER_NUMBER_OBJECT_CONVERSION = YES_AGGRESSIVE;
				CLANG_CXX_LANGUAGE_STANDARD = "gnu++14";
				CLANG_CXX_LIBRARY = "libc++";
				CLANG_ENABLE_MODULES = YES;
				CLANG_ENABLE_OBJC_ARC = YES;
				CLANG_ENABLE_OBJC_WEAK = YES;
				CLANG_WARN_BLOCK_CAPTURE_AUTORELEASING = YES;
				CLANG_WARN_BOOL_CONVERSION = YES;
				CLANG_WARN_COMMA = YES;
				CLANG_WARN_CONSTANT_CONVERSION = YES;
				CLANG_WARN_DEPRECATED_OBJC_IMPLEMENTATIONS = YES;
				CLANG_WARN_DIRECT_OBJC_ISA_USAGE = YES_ERROR;
				CLANG_WARN_DOCUMENTATION_COMMENTS = YES;
				CLANG_WARN_EMPTY_BODY = YES;
				CLANG_WARN_ENUM_CONVERSION = YES;
				CLANG_WARN_INFINITE_RECURSION = YES;
				CLANG_WARN_INT_CONVERSION = YES;
				CLANG_WARN_NON_LITERAL_NULL_CONVERSION = YES;
				CLANG_WARN_OBJC_IMPLICIT_RETAIN_SELF = YES;
				CLANG_WARN_OBJC_LITERAL_CONVERSION = YES;
				CLANG_WARN_OBJC_ROOT_CLASS = YES_ERROR;
				CLANG_WARN_QUOTED_INCLUDE_IN_FRAMEWORK_HEADER = YES;
				CLANG_WARN_RANGE_LOOP_ANALYSIS = YES;
				CLANG_WARN_STRICT_PROTOTYPES = YES;
				CLANG_WARN_SUSPICIOUS_MOVE = YES;
				CLANG_WARN_UNGUARDED_AVAILABILITY = YES_AGGRESSIVE;
				CLANG_WARN_UNREACHABLE_CODE = YES;
				CLANG_WARN__DUPLICATE_METHOD_MATCH = YES;
				COPY_PHASE_STRIP = NO;
				DEBUG_INFORMATION_FORMAT = "dwarf-with-dsym";
				ENABLE_NS_ASSERTIONS = NO;
				ENABLE_STRICT_OBJC_MSGSEND = YES;
				GCC_C_LANGUAGE_STANDARD = gnu11;
				GCC_NO_COMMON_BLOCKS = YES;
				GCC_WARN_64_TO_32_BIT_CONVERSION = YES;
				GCC_WARN_ABOUT_RETURN_TYPE = YES_ERROR;
				GCC_WARN_UNDECLARED_SELECTOR = YES;
				GCC_WARN_UNINITIALIZED_AUTOS = YES_AGGRESSIVE;
				GCC_WARN_UNUSED_FUNCTION = YES;
				GCC_WARN_UNUSED_VARIABLE = YES;
				IPHONEOS_DEPLOYMENT_TARGET = 14.5;
				MTL_ENABLE_DEBUG_INFO = NO;
				MTL_FAST_MATH = YES;
				SDKROOT = iphoneos;
				SWIFT_COMPILATION_MODE = wholemodule;
				SWIFT_OPTIMIZATION_LEVEL = "-O";
				VALIDATE_PRODUCT = YES;
			};
			name = Release;
		};
		D3D75F4B26F0067400F3CDF0 /* Debug */ = {
			isa = XCBuildConfiguration;
			buildSettings = {
				ASSETCATALOG_COMPILER_APPICON_NAME = AppIcon;
				ASSETCATALOG_COMPILER_GLOBAL_ACCENT_COLOR_NAME = AccentColor;
				CODE_SIGN_STYLE = Automatic;
				INFOPLIST_FILE = flixter/Info.plist;
				LD_RUNPATH_SEARCH_PATHS = (
					"$(inherited)",
					"@executable_path/Frameworks",
				);
				PRODUCT_BUNDLE_IDENTIFIER = com.laurachang.flixter;
				PRODUCT_NAME = "$(TARGET_NAME)";
				SWIFT_VERSION = 5.0;
				TARGETED_DEVICE_FAMILY = "1,2";
			};
			name = Debug;
		};
		D3D75F4C26F0067400F3CDF0 /* Release */ = {
			isa = XCBuildConfiguration;
			buildSettings = {
				ASSETCATALOG_COMPILER_APPICON_NAME = AppIcon;
				ASSETCATALOG_COMPILER_GLOBAL_ACCENT_COLOR_NAME = AccentColor;
				CODE_SIGN_STYLE = Automatic;
				INFOPLIST_FILE = flixter/Info.plist;
				LD_RUNPATH_SEARCH_PATHS = (
					"$(inherited)",
					"@executable_path/Frameworks",
				);
				PRODUCT_BUNDLE_IDENTIFIER = com.laurachang.flixter;
				PRODUCT_NAME = "$(TARGET_NAME)";
				SWIFT_VERSION = 5.0;
				TARGETED_DEVICE_FAMILY = "1,2";
			};
			name = Release;
		};
		D3D75F4E26F0067400F3CDF0 /* Debug */ = {
			isa = XCBuildConfiguration;
			buildSettings = {
				ALWAYS_EMBED_SWIFT_STANDARD_LIBRARIES = YES;
				BUNDLE_LOADER = "$(TEST_HOST)";
				CODE_SIGN_STYLE = Automatic;
				INFOPLIST_FILE = flixterTests/Info.plist;
				IPHONEOS_DEPLOYMENT_TARGET = 14.5;
				LD_RUNPATH_SEARCH_PATHS = (
					"$(inherited)",
					"@executable_path/Frameworks",
					"@loader_path/Frameworks",
				);
				PRODUCT_BUNDLE_IDENTIFIER = com.laurachang.flixterTests;
				PRODUCT_NAME = "$(TARGET_NAME)";
				SWIFT_VERSION = 5.0;
				TARGETED_DEVICE_FAMILY = "1,2";
				TEST_HOST = "$(BUILT_PRODUCTS_DIR)/flixter.app/flixter";
			};
			name = Debug;
		};
		D3D75F4F26F0067400F3CDF0 /* Release */ = {
			isa = XCBuildConfiguration;
			buildSettings = {
				ALWAYS_EMBED_SWIFT_STANDARD_LIBRARIES = YES;
				BUNDLE_LOADER = "$(TEST_HOST)";
				CODE_SIGN_STYLE = Automatic;
				INFOPLIST_FILE = flixterTests/Info.plist;
				IPHONEOS_DEPLOYMENT_TARGET = 14.5;
				LD_RUNPATH_SEARCH_PATHS = (
					"$(inherited)",
					"@executable_path/Frameworks",
					"@loader_path/Frameworks",
				);
				PRODUCT_BUNDLE_IDENTIFIER = com.laurachang.flixterTests;
				PRODUCT_NAME = "$(TARGET_NAME)";
				SWIFT_VERSION = 5.0;
				TARGETED_DEVICE_FAMILY = "1,2";
				TEST_HOST = "$(BUILT_PRODUCTS_DIR)/flixter.app/flixter";
			};
			name = Release;
		};
		D3D75F5126F0067400F3CDF0 /* Debug */ = {
			isa = XCBuildConfiguration;
			buildSettings = {
				ALWAYS_EMBED_SWIFT_STANDARD_LIBRARIES = YES;
				CODE_SIGN_STYLE = Automatic;
				INFOPLIST_FILE = flixterUITests/Info.plist;
				LD_RUNPATH_SEARCH_PATHS = (
					"$(inherited)",
					"@executable_path/Frameworks",
					"@loader_path/Frameworks",
				);
				PRODUCT_BUNDLE_IDENTIFIER = com.laurachang.flixterUITests;
				PRODUCT_NAME = "$(TARGET_NAME)";
				SWIFT_VERSION = 5.0;
				TARGETED_DEVICE_FAMILY = "1,2";
				TEST_TARGET_NAME = flixter;
			};
			name = Debug;
		};
		D3D75F5226F0067400F3CDF0 /* Release */ = {
			isa = XCBuildConfiguration;
			buildSettings = {
				ALWAYS_EMBED_SWIFT_STANDARD_LIBRARIES = YES;
				CODE_SIGN_STYLE = Automatic;
				INFOPLIST_FILE = flixterUITests/Info.plist;
				LD_RUNPATH_SEARCH_PATHS = (
					"$(inherited)",
					"@executable_path/Frameworks",
					"@loader_path/Frameworks",
				);
				PRODUCT_BUNDLE_IDENTIFIER = com.laurachang.flixterUITests;
				PRODUCT_NAME = "$(TARGET_NAME)";
				SWIFT_VERSION = 5.0;
				TARGETED_DEVICE_FAMILY = "1,2";
				TEST_TARGET_NAME = flixter;
			};
			name = Release;
		};
/* End XCBuildConfiguration section */

/* Begin XCConfigurationList section */
		D3D75F1B26F0067100F3CDF0 /* Build configuration list for PBXProject "flixter" */ = {
			isa = XCConfigurationList;
			buildConfigurations = (
				D3D75F4826F0067400F3CDF0 /* Debug */,
				D3D75F4926F0067400F3CDF0 /* Release */,
			);
			defaultConfigurationIsVisible = 0;
			defaultConfigurationName = Release;
		};
		D3D75F4A26F0067400F3CDF0 /* Build configuration list for PBXNativeTarget "flixter" */ = {
			isa = XCConfigurationList;
			buildConfigurations = (
				D3D75F4B26F0067400F3CDF0 /* Debug */,
				D3D75F4C26F0067400F3CDF0 /* Release */,
			);
			defaultConfigurationIsVisible = 0;
			defaultConfigurationName = Release;
		};
		D3D75F4D26F0067400F3CDF0 /* Build configuration list for PBXNativeTarget "flixterTests" */ = {
			isa = XCConfigurationList;
			buildConfigurations = (
				D3D75F4E26F0067400F3CDF0 /* Debug */,
				D3D75F4F26F0067400F3CDF0 /* Release */,
			);
			defaultConfigurationIsVisible = 0;
			defaultConfigurationName = Release;
		};
		D3D75F5026F0067400F3CDF0 /* Build configuration list for PBXNativeTarget "flixterUITests" */ = {
			isa = XCConfigurationList;
			buildConfigurations = (
				D3D75F5126F0067400F3CDF0 /* Debug */,
				D3D75F5226F0067400F3CDF0 /* Release */,
			);
			defaultConfigurationIsVisible = 0;
			defaultConfigurationName = Release;
		};
/* End XCConfigurationList section */
	};
	rootObject = D3D75F1826F0067100F3CDF0 /* Project object */;
}
