// !$*UTF8*$!
{
	archiveVersion = 1;
	classes = {
	};
	objectVersion = 55;
	objects = {

/* Begin PBXBuildFile section */
		3C0EED73F1FA9034C92D4252 /* Pods_SpiceTests.framework in Frameworks */ = {isa = PBXBuildFile; fileRef = FBCE9AF3DB7615CF58297D76 /* Pods_SpiceTests.framework */; };
		3F434AB4DAE649FB746E9E5B /* Pods_Spice.framework in Frameworks */ = {isa = PBXBuildFile; fileRef = 547B06F8F1C0A723AD0C1A8E /* Pods_Spice.framework */; };
		D39258172741AE50003247D1 /* AppDelegate.swift in Sources */ = {isa = PBXBuildFile; fileRef = D39258162741AE50003247D1 /* AppDelegate.swift */; };
		D39258192741AE50003247D1 /* SceneDelegate.swift in Sources */ = {isa = PBXBuildFile; fileRef = D39258182741AE50003247D1 /* SceneDelegate.swift */; };
		D392581E2741AE50003247D1 /* Main.storyboard in Resources */ = {isa = PBXBuildFile; fileRef = D392581C2741AE50003247D1 /* Main.storyboard */; };
		D39258202741AE51003247D1 /* Assets.xcassets in Resources */ = {isa = PBXBuildFile; fileRef = D392581F2741AE51003247D1 /* Assets.xcassets */; };
		D39258232741AE51003247D1 /* LaunchScreen.storyboard in Resources */ = {isa = PBXBuildFile; fileRef = D39258212741AE51003247D1 /* LaunchScreen.storyboard */; };
		D392582E2741AE51003247D1 /* SpiceTests.swift in Sources */ = {isa = PBXBuildFile; fileRef = D392582D2741AE51003247D1 /* SpiceTests.swift */; };
		D39258382741AE51003247D1 /* SpiceUITests.swift in Sources */ = {isa = PBXBuildFile; fileRef = D39258372741AE51003247D1 /* SpiceUITests.swift */; };
		D392583A2741AE51003247D1 /* SpiceUITestsLaunchTests.swift in Sources */ = {isa = PBXBuildFile; fileRef = D39258392741AE51003247D1 /* SpiceUITestsLaunchTests.swift */; };
		D39258472741B637003247D1 /* LoginViewController.swift in Sources */ = {isa = PBXBuildFile; fileRef = D39258462741B637003247D1 /* LoginViewController.swift */; };
		D39258492741B655003247D1 /* FeedViewController.swift in Sources */ = {isa = PBXBuildFile; fileRef = D39258482741B655003247D1 /* FeedViewController.swift */; };
		D392584B2741B6D9003247D1 /* RegisterViewController.swift in Sources */ = {isa = PBXBuildFile; fileRef = D392584A2741B6D9003247D1 /* RegisterViewController.swift */; };
		D392584F2741C5B0003247D1 /* CreateViewController.swift in Sources */ = {isa = PBXBuildFile; fileRef = D392584E2741C5B0003247D1 /* CreateViewController.swift */; };
		F49C6FD5FCCC6155DA918265 /* Pods_Spice_SpiceUITests.framework in Frameworks */ = {isa = PBXBuildFile; fileRef = 7B42472B579EBF0060F3A7D9 /* Pods_Spice_SpiceUITests.framework */; };
/* End PBXBuildFile section */

/* Begin PBXContainerItemProxy section */
		D392582A2741AE51003247D1 /* PBXContainerItemProxy */ = {
			isa = PBXContainerItemProxy;
			containerPortal = D392580B2741AE50003247D1 /* Project object */;
			proxyType = 1;
			remoteGlobalIDString = D39258122741AE50003247D1;
			remoteInfo = Spice;
		};
		D39258342741AE51003247D1 /* PBXContainerItemProxy */ = {
			isa = PBXContainerItemProxy;
			containerPortal = D392580B2741AE50003247D1 /* Project object */;
			proxyType = 1;
			remoteGlobalIDString = D39258122741AE50003247D1;
			remoteInfo = Spice;
		};
/* End PBXContainerItemProxy section */

/* Begin PBXFileReference section */
		547B06F8F1C0A723AD0C1A8E /* Pods_Spice.framework */ = {isa = PBXFileReference; explicitFileType = wrapper.framework; includeInIndex = 0; path = Pods_Spice.framework; sourceTree = BUILT_PRODUCTS_DIR; };
		604315AE505955BE0E96CBEA /* Pods-SpiceTests.debug.xcconfig */ = {isa = PBXFileReference; includeInIndex = 1; lastKnownFileType = text.xcconfig; name = "Pods-SpiceTests.debug.xcconfig"; path = "Target Support Files/Pods-SpiceTests/Pods-SpiceTests.debug.xcconfig"; sourceTree = "<group>"; };
		6CC70715DC4A9846D61201E5 /* Pods-Spice-SpiceUITests.debug.xcconfig */ = {isa = PBXFileReference; includeInIndex = 1; lastKnownFileType = text.xcconfig; name = "Pods-Spice-SpiceUITests.debug.xcconfig"; path = "Target Support Files/Pods-Spice-SpiceUITests/Pods-Spice-SpiceUITests.debug.xcconfig"; sourceTree = "<group>"; };
		7B42472B579EBF0060F3A7D9 /* Pods_Spice_SpiceUITests.framework */ = {isa = PBXFileReference; explicitFileType = wrapper.framework; includeInIndex = 0; path = Pods_Spice_SpiceUITests.framework; sourceTree = BUILT_PRODUCTS_DIR; };
		A9186727D4B3A203DABFC6A8 /* Pods-SpiceTests.release.xcconfig */ = {isa = PBXFileReference; includeInIndex = 1; lastKnownFileType = text.xcconfig; name = "Pods-SpiceTests.release.xcconfig"; path = "Target Support Files/Pods-SpiceTests/Pods-SpiceTests.release.xcconfig"; sourceTree = "<group>"; };
		D39258132741AE50003247D1 /* Spice.app */ = {isa = PBXFileReference; explicitFileType = wrapper.application; includeInIndex = 0; path = Spice.app; sourceTree = BUILT_PRODUCTS_DIR; };
		D39258162741AE50003247D1 /* AppDelegate.swift */ = {isa = PBXFileReference; lastKnownFileType = sourcecode.swift; path = AppDelegate.swift; sourceTree = "<group>"; };
		D39258182741AE50003247D1 /* SceneDelegate.swift */ = {isa = PBXFileReference; lastKnownFileType = sourcecode.swift; path = SceneDelegate.swift; sourceTree = "<group>"; };
		D392581D2741AE50003247D1 /* Base */ = {isa = PBXFileReference; lastKnownFileType = file.storyboard; name = Base; path = Base.lproj/Main.storyboard; sourceTree = "<group>"; };
		D392581F2741AE51003247D1 /* Assets.xcassets */ = {isa = PBXFileReference; lastKnownFileType = folder.assetcatalog; path = Assets.xcassets; sourceTree = "<group>"; };
		D39258222741AE51003247D1 /* Base */ = {isa = PBXFileReference; lastKnownFileType = file.storyboard; name = Base; path = Base.lproj/LaunchScreen.storyboard; sourceTree = "<group>"; };
		D39258242741AE51003247D1 /* Info.plist */ = {isa = PBXFileReference; lastKnownFileType = text.plist.xml; path = Info.plist; sourceTree = "<group>"; };
		D39258292741AE51003247D1 /* SpiceTests.xctest */ = {isa = PBXFileReference; explicitFileType = wrapper.cfbundle; includeInIndex = 0; path = SpiceTests.xctest; sourceTree = BUILT_PRODUCTS_DIR; };
		D392582D2741AE51003247D1 /* SpiceTests.swift */ = {isa = PBXFileReference; lastKnownFileType = sourcecode.swift; path = SpiceTests.swift; sourceTree = "<group>"; };
		D39258332741AE51003247D1 /* SpiceUITests.xctest */ = {isa = PBXFileReference; explicitFileType = wrapper.cfbundle; includeInIndex = 0; path = SpiceUITests.xctest; sourceTree = BUILT_PRODUCTS_DIR; };
		D39258372741AE51003247D1 /* SpiceUITests.swift */ = {isa = PBXFileReference; lastKnownFileType = sourcecode.swift; path = SpiceUITests.swift; sourceTree = "<group>"; };
		D39258392741AE51003247D1 /* SpiceUITestsLaunchTests.swift */ = {isa = PBXFileReference; lastKnownFileType = sourcecode.swift; path = SpiceUITestsLaunchTests.swift; sourceTree = "<group>"; };
		D39258462741B637003247D1 /* LoginViewController.swift */ = {isa = PBXFileReference; lastKnownFileType = sourcecode.swift; path = LoginViewController.swift; sourceTree = "<group>"; };
		D39258482741B655003247D1 /* FeedViewController.swift */ = {isa = PBXFileReference; lastKnownFileType = sourcecode.swift; path = FeedViewController.swift; sourceTree = "<group>"; };
		D392584A2741B6D9003247D1 /* RegisterViewController.swift */ = {isa = PBXFileReference; lastKnownFileType = sourcecode.swift; path = RegisterViewController.swift; sourceTree = "<group>"; };
		D392584E2741C5B0003247D1 /* CreateViewController.swift */ = {isa = PBXFileReference; lastKnownFileType = sourcecode.swift; path = CreateViewController.swift; sourceTree = "<group>"; };
		D55758547E769DF56A9E094D /* Pods-Spice.debug.xcconfig */ = {isa = PBXFileReference; includeInIndex = 1; lastKnownFileType = text.xcconfig; name = "Pods-Spice.debug.xcconfig"; path = "Target Support Files/Pods-Spice/Pods-Spice.debug.xcconfig"; sourceTree = "<group>"; };
		E4FE3D58DF23C4C583DA97D5 /* Pods-Spice.release.xcconfig */ = {isa = PBXFileReference; includeInIndex = 1; lastKnownFileType = text.xcconfig; name = "Pods-Spice.release.xcconfig"; path = "Target Support Files/Pods-Spice/Pods-Spice.release.xcconfig"; sourceTree = "<group>"; };
		E9BF1A7085C3B3D3B75B5810 /* Pods-Spice-SpiceUITests.release.xcconfig */ = {isa = PBXFileReference; includeInIndex = 1; lastKnownFileType = text.xcconfig; name = "Pods-Spice-SpiceUITests.release.xcconfig"; path = "Target Support Files/Pods-Spice-SpiceUITests/Pods-Spice-SpiceUITests.release.xcconfig"; sourceTree = "<group>"; };
		FBCE9AF3DB7615CF58297D76 /* Pods_SpiceTests.framework */ = {isa = PBXFileReference; explicitFileType = wrapper.framework; includeInIndex = 0; path = Pods_SpiceTests.framework; sourceTree = BUILT_PRODUCTS_DIR; };
/* End PBXFileReference section */

/* Begin PBXFrameworksBuildPhase section */
		D39258102741AE50003247D1 /* Frameworks */ = {
			isa = PBXFrameworksBuildPhase;
			buildActionMask = 2147483647;
			files = (
				3F434AB4DAE649FB746E9E5B /* Pods_Spice.framework in Frameworks */,
			);
			runOnlyForDeploymentPostprocessing = 0;
		};
		D39258262741AE51003247D1 /* Frameworks */ = {
			isa = PBXFrameworksBuildPhase;
			buildActionMask = 2147483647;
			files = (
				3C0EED73F1FA9034C92D4252 /* Pods_SpiceTests.framework in Frameworks */,
			);
			runOnlyForDeploymentPostprocessing = 0;
		};
		D39258302741AE51003247D1 /* Frameworks */ = {
			isa = PBXFrameworksBuildPhase;
			buildActionMask = 2147483647;
			files = (
				F49C6FD5FCCC6155DA918265 /* Pods_Spice_SpiceUITests.framework in Frameworks */,
			);
			runOnlyForDeploymentPostprocessing = 0;
		};
/* End PBXFrameworksBuildPhase section */

/* Begin PBXGroup section */
		1BF60CD81BBC17FC1EB400D5 /* Frameworks */ = {
			isa = PBXGroup;
			children = (
				547B06F8F1C0A723AD0C1A8E /* Pods_Spice.framework */,
				7B42472B579EBF0060F3A7D9 /* Pods_Spice_SpiceUITests.framework */,
				FBCE9AF3DB7615CF58297D76 /* Pods_SpiceTests.framework */,
			);
			name = Frameworks;
			sourceTree = "<group>";
		};
		97F6B2A301C09FD2721CB06D /* Pods */ = {
			isa = PBXGroup;
			children = (
				D55758547E769DF56A9E094D /* Pods-Spice.debug.xcconfig */,
				E4FE3D58DF23C4C583DA97D5 /* Pods-Spice.release.xcconfig */,
				6CC70715DC4A9846D61201E5 /* Pods-Spice-SpiceUITests.debug.xcconfig */,
				E9BF1A7085C3B3D3B75B5810 /* Pods-Spice-SpiceUITests.release.xcconfig */,
				604315AE505955BE0E96CBEA /* Pods-SpiceTests.debug.xcconfig */,
				A9186727D4B3A203DABFC6A8 /* Pods-SpiceTests.release.xcconfig */,
			);
			path = Pods;
			sourceTree = "<group>";
		};
		D392580A2741AE50003247D1 = {
			isa = PBXGroup;
			children = (
				D39258152741AE50003247D1 /* Spice */,
				D392582C2741AE51003247D1 /* SpiceTests */,
				D39258362741AE51003247D1 /* SpiceUITests */,
				D39258142741AE50003247D1 /* Products */,
				97F6B2A301C09FD2721CB06D /* Pods */,
				1BF60CD81BBC17FC1EB400D5 /* Frameworks */,
			);
			sourceTree = "<group>";
		};
		D39258142741AE50003247D1 /* Products */ = {
			isa = PBXGroup;
			children = (
				D39258132741AE50003247D1 /* Spice.app */,
				D39258292741AE51003247D1 /* SpiceTests.xctest */,
				D39258332741AE51003247D1 /* SpiceUITests.xctest */,
			);
			name = Products;
			sourceTree = "<group>";
		};
		D39258152741AE50003247D1 /* Spice */ = {
			isa = PBXGroup;
			children = (
				D39258162741AE50003247D1 /* AppDelegate.swift */,
				D39258182741AE50003247D1 /* SceneDelegate.swift */,
				D392581C2741AE50003247D1 /* Main.storyboard */,
				D392581F2741AE51003247D1 /* Assets.xcassets */,
				D39258212741AE51003247D1 /* LaunchScreen.storyboard */,
				D39258242741AE51003247D1 /* Info.plist */,
				D39258462741B637003247D1 /* LoginViewController.swift */,
				D39258482741B655003247D1 /* FeedViewController.swift */,
				D392584A2741B6D9003247D1 /* RegisterViewController.swift */,
				D392584E2741C5B0003247D1 /* CreateViewController.swift */,
			);
			path = Spice;
			sourceTree = "<group>";
		};
		D392582C2741AE51003247D1 /* SpiceTests */ = {
			isa = PBXGroup;
			children = (
				D392582D2741AE51003247D1 /* SpiceTests.swift */,
			);
			path = SpiceTests;
			sourceTree = "<group>";
		};
		D39258362741AE51003247D1 /* SpiceUITests */ = {
			isa = PBXGroup;
			children = (
				D39258372741AE51003247D1 /* SpiceUITests.swift */,
				D39258392741AE51003247D1 /* SpiceUITestsLaunchTests.swift */,
			);
			path = SpiceUITests;
			sourceTree = "<group>";
		};
/* End PBXGroup section */

/* Begin PBXNativeTarget section */
		D39258122741AE50003247D1 /* Spice */ = {
			isa = PBXNativeTarget;
			buildConfigurationList = D392583D2741AE51003247D1 /* Build configuration list for PBXNativeTarget "Spice" */;
			buildPhases = (
				13BDD8A1A1B209043B3AD55C /* [CP] Check Pods Manifest.lock */,
				D392580F2741AE50003247D1 /* Sources */,
				D39258102741AE50003247D1 /* Frameworks */,
				D39258112741AE50003247D1 /* Resources */,
				3E8197BF1EB539FEC2DD6274 /* [CP] Embed Pods Frameworks */,
			);
			buildRules = (
			);
			dependencies = (
			);
			name = Spice;
			productName = Spice;
			productReference = D39258132741AE50003247D1 /* Spice.app */;
			productType = "com.apple.product-type.application";
		};
		D39258282741AE51003247D1 /* SpiceTests */ = {
			isa = PBXNativeTarget;
			buildConfigurationList = D39258402741AE51003247D1 /* Build configuration list for PBXNativeTarget "SpiceTests" */;
			buildPhases = (
				C71665C1BC5DCD7235433432 /* [CP] Check Pods Manifest.lock */,
				D39258252741AE51003247D1 /* Sources */,
				D39258262741AE51003247D1 /* Frameworks */,
				D39258272741AE51003247D1 /* Resources */,
			);
			buildRules = (
			);
			dependencies = (
				D392582B2741AE51003247D1 /* PBXTargetDependency */,
			);
			name = SpiceTests;
			productName = SpiceTests;
			productReference = D39258292741AE51003247D1 /* SpiceTests.xctest */;
			productType = "com.apple.product-type.bundle.unit-test";
		};
		D39258322741AE51003247D1 /* SpiceUITests */ = {
			isa = PBXNativeTarget;
			buildConfigurationList = D39258432741AE51003247D1 /* Build configuration list for PBXNativeTarget "SpiceUITests" */;
			buildPhases = (
				FCC3AC4605322148A1574D3D /* [CP] Check Pods Manifest.lock */,
				D392582F2741AE51003247D1 /* Sources */,
				D39258302741AE51003247D1 /* Frameworks */,
				D39258312741AE51003247D1 /* Resources */,
				C85FFE99AC917B4E4F2AB928 /* [CP] Embed Pods Frameworks */,
			);
			buildRules = (
			);
			dependencies = (
				D39258352741AE51003247D1 /* PBXTargetDependency */,
			);
			name = SpiceUITests;
			productName = SpiceUITests;
			productReference = D39258332741AE51003247D1 /* SpiceUITests.xctest */;
			productType = "com.apple.product-type.bundle.ui-testing";
		};
/* End PBXNativeTarget section */

/* Begin PBXProject section */
		D392580B2741AE50003247D1 /* Project object */ = {
			isa = PBXProject;
			attributes = {
				BuildIndependentTargetsInParallel = 1;
				LastSwiftUpdateCheck = 1300;
				LastUpgradeCheck = 1300;
				TargetAttributes = {
					D39258122741AE50003247D1 = {
						CreatedOnToolsVersion = 13.0;
					};
					D39258282741AE51003247D1 = {
						CreatedOnToolsVersion = 13.0;
						TestTargetID = D39258122741AE50003247D1;
					};
					D39258322741AE51003247D1 = {
						CreatedOnToolsVersion = 13.0;
						TestTargetID = D39258122741AE50003247D1;
					};
				};
			};
			buildConfigurationList = D392580E2741AE50003247D1 /* Build configuration list for PBXProject "Spice" */;
			compatibilityVersion = "Xcode 13.0";
			developmentRegion = en;
			hasScannedForEncodings = 0;
			knownRegions = (
				en,
				Base,
			);
			mainGroup = D392580A2741AE50003247D1;
			productRefGroup = D39258142741AE50003247D1 /* Products */;
			projectDirPath = "";
			projectRoot = "";
			targets = (
				D39258122741AE50003247D1 /* Spice */,
				D39258282741AE51003247D1 /* SpiceTests */,
				D39258322741AE51003247D1 /* SpiceUITests */,
			);
		};
/* End PBXProject section */

/* Begin PBXResourcesBuildPhase section */
		D39258112741AE50003247D1 /* Resources */ = {
			isa = PBXResourcesBuildPhase;
			buildActionMask = 2147483647;
			files = (
				D39258232741AE51003247D1 /* LaunchScreen.storyboard in Resources */,
				D39258202741AE51003247D1 /* Assets.xcassets in Resources */,
				D392581E2741AE50003247D1 /* Main.storyboard in Resources */,
			);
			runOnlyForDeploymentPostprocessing = 0;
		};
		D39258272741AE51003247D1 /* Resources */ = {
			isa = PBXResourcesBuildPhase;
			buildActionMask = 2147483647;
			files = (
			);
			runOnlyForDeploymentPostprocessing = 0;
		};
		D39258312741AE51003247D1 /* Resources */ = {
			isa = PBXResourcesBuildPhase;
			buildActionMask = 2147483647;
			files = (
			);
			runOnlyForDeploymentPostprocessing = 0;
		};
/* End PBXResourcesBuildPhase section */

/* Begin PBXShellScriptBuildPhase section */
		13BDD8A1A1B209043B3AD55C /* [CP] Check Pods Manifest.lock */ = {
			isa = PBXShellScriptBuildPhase;
			buildActionMask = 2147483647;
			files = (
			);
			inputFileListPaths = (
			);
			inputPaths = (
				"${PODS_PODFILE_DIR_PATH}/Podfile.lock",
				"${PODS_ROOT}/Manifest.lock",
			);
			name = "[CP] Check Pods Manifest.lock";
			outputFileListPaths = (
			);
			outputPaths = (
				"$(DERIVED_FILE_DIR)/Pods-Spice-checkManifestLockResult.txt",
			);
			runOnlyForDeploymentPostprocessing = 0;
			shellPath = /bin/sh;
			shellScript = "diff \"${PODS_PODFILE_DIR_PATH}/Podfile.lock\" \"${PODS_ROOT}/Manifest.lock\" > /dev/null\nif [ $? != 0 ] ; then\n    # print error to STDERR\n    echo \"error: The sandbox is not in sync with the Podfile.lock. Run 'pod install' or update your CocoaPods installation.\" >&2\n    exit 1\nfi\n# This output is used by Xcode 'outputs' to avoid re-running this script phase.\necho \"SUCCESS\" > \"${SCRIPT_OUTPUT_FILE_0}\"\n";
			showEnvVarsInLog = 0;
		};
		3E8197BF1EB539FEC2DD6274 /* [CP] Embed Pods Frameworks */ = {
			isa = PBXShellScriptBuildPhase;
			buildActionMask = 2147483647;
			files = (
			);
			inputFileListPaths = (
				"${PODS_ROOT}/Target Support Files/Pods-Spice/Pods-Spice-frameworks-${CONFIGURATION}-input-files.xcfilelist",
			);
			name = "[CP] Embed Pods Frameworks";
			outputFileListPaths = (
				"${PODS_ROOT}/Target Support Files/Pods-Spice/Pods-Spice-frameworks-${CONFIGURATION}-output-files.xcfilelist",
			);
			runOnlyForDeploymentPostprocessing = 0;
			shellPath = /bin/sh;
			shellScript = "\"${PODS_ROOT}/Target Support Files/Pods-Spice/Pods-Spice-frameworks.sh\"\n";
			showEnvVarsInLog = 0;
		};
		C71665C1BC5DCD7235433432 /* [CP] Check Pods Manifest.lock */ = {
			isa = PBXShellScriptBuildPhase;
			buildActionMask = 2147483647;
			files = (
			);
			inputFileListPaths = (
			);
			inputPaths = (
				"${PODS_PODFILE_DIR_PATH}/Podfile.lock",
				"${PODS_ROOT}/Manifest.lock",
			);
			name = "[CP] Check Pods Manifest.lock";
			outputFileListPaths = (
			);
			outputPaths = (
				"$(DERIVED_FILE_DIR)/Pods-SpiceTests-checkManifestLockResult.txt",
			);
			runOnlyForDeploymentPostprocessing = 0;
			shellPath = /bin/sh;
			shellScript = "diff \"${PODS_PODFILE_DIR_PATH}/Podfile.lock\" \"${PODS_ROOT}/Manifest.lock\" > /dev/null\nif [ $? != 0 ] ; then\n    # print error to STDERR\n    echo \"error: The sandbox is not in sync with the Podfile.lock. Run 'pod install' or update your CocoaPods installation.\" >&2\n    exit 1\nfi\n# This output is used by Xcode 'outputs' to avoid re-running this script phase.\necho \"SUCCESS\" > \"${SCRIPT_OUTPUT_FILE_0}\"\n";
			showEnvVarsInLog = 0;
		};
		C85FFE99AC917B4E4F2AB928 /* [CP] Embed Pods Frameworks */ = {
			isa = PBXShellScriptBuildPhase;
			buildActionMask = 2147483647;
			files = (
			);
			inputFileListPaths = (
				"${PODS_ROOT}/Target Support Files/Pods-Spice-SpiceUITests/Pods-Spice-SpiceUITests-frameworks-${CONFIGURATION}-input-files.xcfilelist",
			);
			name = "[CP] Embed Pods Frameworks";
			outputFileListPaths = (
				"${PODS_ROOT}/Target Support Files/Pods-Spice-SpiceUITests/Pods-Spice-SpiceUITests-frameworks-${CONFIGURATION}-output-files.xcfilelist",
			);
			runOnlyForDeploymentPostprocessing = 0;
			shellPath = /bin/sh;
			shellScript = "\"${PODS_ROOT}/Target Support Files/Pods-Spice-SpiceUITests/Pods-Spice-SpiceUITests-frameworks.sh\"\n";
			showEnvVarsInLog = 0;
		};
		FCC3AC4605322148A1574D3D /* [CP] Check Pods Manifest.lock */ = {
			isa = PBXShellScriptBuildPhase;
			buildActionMask = 2147483647;
			files = (
			);
			inputFileListPaths = (
			);
			inputPaths = (
				"${PODS_PODFILE_DIR_PATH}/Podfile.lock",
				"${PODS_ROOT}/Manifest.lock",
			);
			name = "[CP] Check Pods Manifest.lock";
			outputFileListPaths = (
			);
			outputPaths = (
				"$(DERIVED_FILE_DIR)/Pods-Spice-SpiceUITests-checkManifestLockResult.txt",
			);
			runOnlyForDeploymentPostprocessing = 0;
			shellPath = /bin/sh;
			shellScript = "diff \"${PODS_PODFILE_DIR_PATH}/Podfile.lock\" \"${PODS_ROOT}/Manifest.lock\" > /dev/null\nif [ $? != 0 ] ; then\n    # print error to STDERR\n    echo \"error: The sandbox is not in sync with the Podfile.lock. Run 'pod install' or update your CocoaPods installation.\" >&2\n    exit 1\nfi\n# This output is used by Xcode 'outputs' to avoid re-running this script phase.\necho \"SUCCESS\" > \"${SCRIPT_OUTPUT_FILE_0}\"\n";
			showEnvVarsInLog = 0;
		};
/* End PBXShellScriptBuildPhase section */

/* Begin PBXSourcesBuildPhase section */
		D392580F2741AE50003247D1 /* Sources */ = {
			isa = PBXSourcesBuildPhase;
			buildActionMask = 2147483647;
			files = (
				D39258472741B637003247D1 /* LoginViewController.swift in Sources */,
				D392584B2741B6D9003247D1 /* RegisterViewController.swift in Sources */,
				D392584F2741C5B0003247D1 /* CreateViewController.swift in Sources */,
				D39258172741AE50003247D1 /* AppDelegate.swift in Sources */,
				D39258492741B655003247D1 /* FeedViewController.swift in Sources */,
				D39258192741AE50003247D1 /* SceneDelegate.swift in Sources */,
			);
			runOnlyForDeploymentPostprocessing = 0;
		};
		D39258252741AE51003247D1 /* Sources */ = {
			isa = PBXSourcesBuildPhase;
			buildActionMask = 2147483647;
			files = (
				D392582E2741AE51003247D1 /* SpiceTests.swift in Sources */,
			);
			runOnlyForDeploymentPostprocessing = 0;
		};
		D392582F2741AE51003247D1 /* Sources */ = {
			isa = PBXSourcesBuildPhase;
			buildActionMask = 2147483647;
			files = (
				D39258382741AE51003247D1 /* SpiceUITests.swift in Sources */,
				D392583A2741AE51003247D1 /* SpiceUITestsLaunchTests.swift in Sources */,
			);
			runOnlyForDeploymentPostprocessing = 0;
		};
/* End PBXSourcesBuildPhase section */

/* Begin PBXTargetDependency section */
		D392582B2741AE51003247D1 /* PBXTargetDependency */ = {
			isa = PBXTargetDependency;
			target = D39258122741AE50003247D1 /* Spice */;
			targetProxy = D392582A2741AE51003247D1 /* PBXContainerItemProxy */;
		};
		D39258352741AE51003247D1 /* PBXTargetDependency */ = {
			isa = PBXTargetDependency;
			target = D39258122741AE50003247D1 /* Spice */;
			targetProxy = D39258342741AE51003247D1 /* PBXContainerItemProxy */;
		};
/* End PBXTargetDependency section */

/* Begin PBXVariantGroup section */
		D392581C2741AE50003247D1 /* Main.storyboard */ = {
			isa = PBXVariantGroup;
			children = (
				D392581D2741AE50003247D1 /* Base */,
			);
			name = Main.storyboard;
			sourceTree = "<group>";
		};
		D39258212741AE51003247D1 /* LaunchScreen.storyboard */ = {
			isa = PBXVariantGroup;
			children = (
				D39258222741AE51003247D1 /* Base */,
			);
			name = LaunchScreen.storyboard;
			sourceTree = "<group>";
		};
/* End PBXVariantGroup section */

/* Begin XCBuildConfiguration section */
		D392583B2741AE51003247D1 /* Debug */ = {
			isa = XCBuildConfiguration;
			buildSettings = {
				ALWAYS_SEARCH_USER_PATHS = NO;
				CLANG_ANALYZER_NONNULL = YES;
				CLANG_ANALYZER_NUMBER_OBJECT_CONVERSION = YES_AGGRESSIVE;
				CLANG_CXX_LANGUAGE_STANDARD = "gnu++17";
				CLANG_CXX_LIBRARY = "libc++";
				CLANG_ENABLE_MODULES = YES;
				CLANG_ENABLE_OBJC_ARC = YES;
				CLANG_ENABLE_OBJC_WEAK = YES;
				CLANG_WARN_BLOCK_CAPTURE_AUTORELEASING = YES;
				CLANG_WARN_BOOL_CONVERSION = YES;
				CLANG_WARN_COMMA = YES;
				CLANG_WARN_CONSTANT_CONVERSION = YES;
				CLANG_WARN_DEPRECATED_OBJC_IMPLEMENTATIONS = YES;
				CLANG_WARN_DIRECT_OBJC_ISA_USAGE = YES_ERROR;
				CLANG_WARN_DOCUMENTATION_COMMENTS = YES;
				CLANG_WARN_EMPTY_BODY = YES;
				CLANG_WARN_ENUM_CONVERSION = YES;
				CLANG_WARN_INFINITE_RECURSION = YES;
				CLANG_WARN_INT_CONVERSION = YES;
				CLANG_WARN_NON_LITERAL_NULL_CONVERSION = YES;
				CLANG_WARN_OBJC_IMPLICIT_RETAIN_SELF = YES;
				CLANG_WARN_OBJC_LITERAL_CONVERSION = YES;
				CLANG_WARN_OBJC_ROOT_CLASS = YES_ERROR;
				CLANG_WARN_QUOTED_INCLUDE_IN_FRAMEWORK_HEADER = YES;
				CLANG_WARN_RANGE_LOOP_ANALYSIS = YES;
				CLANG_WARN_STRICT_PROTOTYPES = YES;
				CLANG_WARN_SUSPICIOUS_MOVE = YES;
				CLANG_WARN_UNGUARDED_AVAILABILITY = YES_AGGRESSIVE;
				CLANG_WARN_UNREACHABLE_CODE = YES;
				CLANG_WARN__DUPLICATE_METHOD_MATCH = YES;
				COPY_PHASE_STRIP = NO;
				DEBUG_INFORMATION_FORMAT = dwarf;
				ENABLE_STRICT_OBJC_MSGSEND = YES;
				ENABLE_TESTABILITY = YES;
				GCC_C_LANGUAGE_STANDARD = gnu11;
				GCC_DYNAMIC_NO_PIC = NO;
				GCC_NO_COMMON_BLOCKS = YES;
				GCC_OPTIMIZATION_LEVEL = 0;
				GCC_PREPROCESSOR_DEFINITIONS = (
					"DEBUG=1",
					"$(inherited)",
				);
				GCC_WARN_64_TO_32_BIT_CONVERSION = YES;
				GCC_WARN_ABOUT_RETURN_TYPE = YES_ERROR;
				GCC_WARN_UNDECLARED_SELECTOR = YES;
				GCC_WARN_UNINITIALIZED_AUTOS = YES_AGGRESSIVE;
				GCC_WARN_UNUSED_FUNCTION = YES;
				GCC_WARN_UNUSED_VARIABLE = YES;
				IPHONEOS_DEPLOYMENT_TARGET = 15.0;
				MTL_ENABLE_DEBUG_INFO = INCLUDE_SOURCE;
				MTL_FAST_MATH = YES;
				ONLY_ACTIVE_ARCH = YES;
				SDKROOT = iphoneos;
				SWIFT_ACTIVE_COMPILATION_CONDITIONS = DEBUG;
				SWIFT_OPTIMIZATION_LEVEL = "-Onone";
			};
			name = Debug;
		};
		D392583C2741AE51003247D1 /* Release */ = {
			isa = XCBuildConfiguration;
			buildSettings = {
				ALWAYS_SEARCH_USER_PATHS = NO;
				CLANG_ANALYZER_NONNULL = YES;
				CLANG_ANALYZER_NUMBER_OBJECT_CONVERSION = YES_AGGRESSIVE;
				CLANG_CXX_LANGUAGE_STANDARD = "gnu++17";
				CLANG_CXX_LIBRARY = "libc++";
				CLANG_ENABLE_MODULES = YES;
				CLANG_ENABLE_OBJC_ARC = YES;
				CLANG_ENABLE_OBJC_WEAK = YES;
				CLANG_WARN_BLOCK_CAPTURE_AUTORELEASING = YES;
				CLANG_WARN_BOOL_CONVERSION = YES;
				CLANG_WARN_COMMA = YES;
				CLANG_WARN_CONSTANT_CONVERSION = YES;
				CLANG_WARN_DEPRECATED_OBJC_IMPLEMENTATIONS = YES;
				CLANG_WARN_DIRECT_OBJC_ISA_USAGE = YES_ERROR;
				CLANG_WARN_DOCUMENTATION_COMMENTS = YES;
				CLANG_WARN_EMPTY_BODY = YES;
				CLANG_WARN_ENUM_CONVERSION = YES;
				CLANG_WARN_INFINITE_RECURSION = YES;
				CLANG_WARN_INT_CONVERSION = YES;
				CLANG_WARN_NON_LITERAL_NULL_CONVERSION = YES;
				CLANG_WARN_OBJC_IMPLICIT_RETAIN_SELF = YES;
				CLANG_WARN_OBJC_LITERAL_CONVERSION = YES;
				CLANG_WARN_OBJC_ROOT_CLASS = YES_ERROR;
				CLANG_WARN_QUOTED_INCLUDE_IN_FRAMEWORK_HEADER = YES;
				CLANG_WARN_RANGE_LOOP_ANALYSIS = YES;
				CLANG_WARN_STRICT_PROTOTYPES = YES;
				CLANG_WARN_SUSPICIOUS_MOVE = YES;
				CLANG_WARN_UNGUARDED_AVAILABILITY = YES_AGGRESSIVE;
				CLANG_WARN_UNREACHABLE_CODE = YES;
				CLANG_WARN__DUPLICATE_METHOD_MATCH = YES;
				COPY_PHASE_STRIP = NO;
				DEBUG_INFORMATION_FORMAT = "dwarf-with-dsym";
				ENABLE_NS_ASSERTIONS = NO;
				ENABLE_STRICT_OBJC_MSGSEND = YES;
				GCC_C_LANGUAGE_STANDARD = gnu11;
				GCC_NO_COMMON_BLOCKS = YES;
				GCC_WARN_64_TO_32_BIT_CONVERSION = YES;
				GCC_WARN_ABOUT_RETURN_TYPE = YES_ERROR;
				GCC_WARN_UNDECLARED_SELECTOR = YES;
				GCC_WARN_UNINITIALIZED_AUTOS = YES_AGGRESSIVE;
				GCC_WARN_UNUSED_FUNCTION = YES;
				GCC_WARN_UNUSED_VARIABLE = YES;
				IPHONEOS_DEPLOYMENT_TARGET = 15.0;
				MTL_ENABLE_DEBUG_INFO = NO;
				MTL_FAST_MATH = YES;
				SDKROOT = iphoneos;
				SWIFT_COMPILATION_MODE = wholemodule;
				SWIFT_OPTIMIZATION_LEVEL = "-O";
				VALIDATE_PRODUCT = YES;
			};
			name = Release;
		};
		D392583E2741AE51003247D1 /* Debug */ = {
			isa = XCBuildConfiguration;
			baseConfigurationReference = D55758547E769DF56A9E094D /* Pods-Spice.debug.xcconfig */;
			buildSettings = {
				ASSETCATALOG_COMPILER_APPICON_NAME = AppIcon;
				ASSETCATALOG_COMPILER_GLOBAL_ACCENT_COLOR_NAME = AccentColor;
				CODE_SIGN_STYLE = Automatic;
				CURRENT_PROJECT_VERSION = 1;
				GENERATE_INFOPLIST_FILE = YES;
				INFOPLIST_FILE = Spice/Info.plist;
				INFOPLIST_KEY_UIApplicationSupportsIndirectInputEvents = YES;
				INFOPLIST_KEY_UILaunchStoryboardName = LaunchScreen;
				INFOPLIST_KEY_UIMainStoryboardFile = Main;
				INFOPLIST_KEY_UISupportedInterfaceOrientations_iPad = "UIInterfaceOrientationPortrait UIInterfaceOrientationPortraitUpsideDown UIInterfaceOrientationLandscapeLeft UIInterfaceOrientationLandscapeRight";
				INFOPLIST_KEY_UISupportedInterfaceOrientations_iPhone = "UIInterfaceOrientationPortrait UIInterfaceOrientationLandscapeLeft UIInterfaceOrientationLandscapeRight";
				LD_RUNPATH_SEARCH_PATHS = (
					"$(inherited)",
					"@executable_path/Frameworks",
				);
				MARKETING_VERSION = 1.0;
				PRODUCT_BUNDLE_IDENTIFIER = com.iaurachang.Spice;
				PRODUCT_NAME = "$(TARGET_NAME)";
				SWIFT_EMIT_LOC_STRINGS = YES;
				SWIFT_VERSION = 5.0;
				TARGETED_DEVICE_FAMILY = "1,2";
			};
			name = Debug;
		};
		D392583F2741AE51003247D1 /* Release */ = {
			isa = XCBuildConfiguration;
			baseConfigurationReference = E4FE3D58DF23C4C583DA97D5 /* Pods-Spice.release.xcconfig */;
			buildSettings = {
				ASSETCATALOG_COMPILER_APPICON_NAME = AppIcon;
				ASSETCATALOG_COMPILER_GLOBAL_ACCENT_COLOR_NAME = AccentColor;
				CODE_SIGN_STYLE = Automatic;
				CURRENT_PROJECT_VERSION = 1;
				GENERATE_INFOPLIST_FILE = YES;
				INFOPLIST_FILE = Spice/Info.plist;
				INFOPLIST_KEY_UIApplicationSupportsIndirectInputEvents = YES;
				INFOPLIST_KEY_UILaunchStoryboardName = LaunchScreen;
				INFOPLIST_KEY_UIMainStoryboardFile = Main;
				INFOPLIST_KEY_UISupportedInterfaceOrientations_iPad = "UIInterfaceOrientationPortrait UIInterfaceOrientationPortraitUpsideDown UIInterfaceOrientationLandscapeLeft UIInterfaceOrientationLandscapeRight";
				INFOPLIST_KEY_UISupportedInterfaceOrientations_iPhone = "UIInterfaceOrientationPortrait UIInterfaceOrientationLandscapeLeft UIInterfaceOrientationLandscapeRight";
				LD_RUNPATH_SEARCH_PATHS = (
					"$(inherited)",
					"@executable_path/Frameworks",
				);
				MARKETING_VERSION = 1.0;
				PRODUCT_BUNDLE_IDENTIFIER = com.iaurachang.Spice;
				PRODUCT_NAME = "$(TARGET_NAME)";
				SWIFT_EMIT_LOC_STRINGS = YES;
				SWIFT_VERSION = 5.0;
				TARGETED_DEVICE_FAMILY = "1,2";
			};
			name = Release;
		};
		D39258412741AE51003247D1 /* Debug */ = {
			isa = XCBuildConfiguration;
			baseConfigurationReference = 604315AE505955BE0E96CBEA /* Pods-SpiceTests.debug.xcconfig */;
			buildSettings = {
				ALWAYS_EMBED_SWIFT_STANDARD_LIBRARIES = YES;
				BUNDLE_LOADER = "$(TEST_HOST)";
				CODE_SIGN_STYLE = Automatic;
				CURRENT_PROJECT_VERSION = 1;
				GENERATE_INFOPLIST_FILE = YES;
				IPHONEOS_DEPLOYMENT_TARGET = 15.0;
				LD_RUNPATH_SEARCH_PATHS = (
					"$(inherited)",
					"@executable_path/Frameworks",
					"@loader_path/Frameworks",
				);
				MARKETING_VERSION = 1.0;
				PRODUCT_BUNDLE_IDENTIFIER = com.iaurachang.SpiceTests;
				PRODUCT_NAME = "$(TARGET_NAME)";
				SWIFT_EMIT_LOC_STRINGS = NO;
				SWIFT_VERSION = 5.0;
				TARGETED_DEVICE_FAMILY = "1,2";
				TEST_HOST = "$(BUILT_PRODUCTS_DIR)/Spice.app/Spice";
			};
			name = Debug;
		};
		D39258422741AE51003247D1 /* Release */ = {
			isa = XCBuildConfiguration;
			baseConfigurationReference = A9186727D4B3A203DABFC6A8 /* Pods-SpiceTests.release.xcconfig */;
			buildSettings = {
				ALWAYS_EMBED_SWIFT_STANDARD_LIBRARIES = YES;
				BUNDLE_LOADER = "$(TEST_HOST)";
				CODE_SIGN_STYLE = Automatic;
				CURRENT_PROJECT_VERSION = 1;
				GENERATE_INFOPLIST_FILE = YES;
				IPHONEOS_DEPLOYMENT_TARGET = 15.0;
				LD_RUNPATH_SEARCH_PATHS = (
					"$(inherited)",
					"@executable_path/Frameworks",
					"@loader_path/Frameworks",
				);
				MARKETING_VERSION = 1.0;
				PRODUCT_BUNDLE_IDENTIFIER = com.iaurachang.SpiceTests;
				PRODUCT_NAME = "$(TARGET_NAME)";
				SWIFT_EMIT_LOC_STRINGS = NO;
				SWIFT_VERSION = 5.0;
				TARGETED_DEVICE_FAMILY = "1,2";
				TEST_HOST = "$(BUILT_PRODUCTS_DIR)/Spice.app/Spice";
			};
			name = Release;
		};
		D39258442741AE51003247D1 /* Debug */ = {
			isa = XCBuildConfiguration;
			baseConfigurationReference = 6CC70715DC4A9846D61201E5 /* Pods-Spice-SpiceUITests.debug.xcconfig */;
			buildSettings = {
				ALWAYS_EMBED_SWIFT_STANDARD_LIBRARIES = YES;
				CODE_SIGN_STYLE = Automatic;
				CURRENT_PROJECT_VERSION = 1;
				GENERATE_INFOPLIST_FILE = YES;
				LD_RUNPATH_SEARCH_PATHS = (
					"$(inherited)",
					"@executable_path/Frameworks",
					"@loader_path/Frameworks",
				);
				MARKETING_VERSION = 1.0;
				PRODUCT_BUNDLE_IDENTIFIER = com.iaurachang.SpiceUITests;
				PRODUCT_NAME = "$(TARGET_NAME)";
				SWIFT_EMIT_LOC_STRINGS = NO;
				SWIFT_VERSION = 5.0;
				TARGETED_DEVICE_FAMILY = "1,2";
				TEST_TARGET_NAME = Spice;
			};
			name = Debug;
		};
		D39258452741AE51003247D1 /* Release */ = {
			isa = XCBuildConfiguration;
			baseConfigurationReference = E9BF1A7085C3B3D3B75B5810 /* Pods-Spice-SpiceUITests.release.xcconfig */;
			buildSettings = {
				ALWAYS_EMBED_SWIFT_STANDARD_LIBRARIES = YES;
				CODE_SIGN_STYLE = Automatic;
				CURRENT_PROJECT_VERSION = 1;
				GENERATE_INFOPLIST_FILE = YES;
				LD_RUNPATH_SEARCH_PATHS = (
					"$(inherited)",
					"@executable_path/Frameworks",
					"@loader_path/Frameworks",
				);
				MARKETING_VERSION = 1.0;
				PRODUCT_BUNDLE_IDENTIFIER = com.iaurachang.SpiceUITests;
				PRODUCT_NAME = "$(TARGET_NAME)";
				SWIFT_EMIT_LOC_STRINGS = NO;
				SWIFT_VERSION = 5.0;
				TARGETED_DEVICE_FAMILY = "1,2";
				TEST_TARGET_NAME = Spice;
			};
			name = Release;
		};
/* End XCBuildConfiguration section */

/* Begin XCConfigurationList section */
		D392580E2741AE50003247D1 /* Build configuration list for PBXProject "Spice" */ = {
			isa = XCConfigurationList;
			buildConfigurations = (
				D392583B2741AE51003247D1 /* Debug */,
				D392583C2741AE51003247D1 /* Release */,
			);
			defaultConfigurationIsVisible = 0;
			defaultConfigurationName = Release;
		};
		D392583D2741AE51003247D1 /* Build configuration list for PBXNativeTarget "Spice" */ = {
			isa = XCConfigurationList;
			buildConfigurations = (
				D392583E2741AE51003247D1 /* Debug */,
				D392583F2741AE51003247D1 /* Release */,
			);
			defaultConfigurationIsVisible = 0;
			defaultConfigurationName = Release;
		};
		D39258402741AE51003247D1 /* Build configuration list for PBXNativeTarget "SpiceTests" */ = {
			isa = XCConfigurationList;
			buildConfigurations = (
				D39258412741AE51003247D1 /* Debug */,
				D39258422741AE51003247D1 /* Release */,
			);
			defaultConfigurationIsVisible = 0;
			defaultConfigurationName = Release;
		};
		D39258432741AE51003247D1 /* Build configuration list for PBXNativeTarget "SpiceUITests" */ = {
			isa = XCConfigurationList;
			buildConfigurations = (
				D39258442741AE51003247D1 /* Debug */,
				D39258452741AE51003247D1 /* Release */,
			);
			defaultConfigurationIsVisible = 0;
			defaultConfigurationName = Release;
		};
/* End XCConfigurationList section */
	};
	rootObject = D392580B2741AE50003247D1 /* Project object */;
}
